
Microsoft Visual Studio Solution File, Format Version 12.00
# Visual Studio Version 17
VisualStudioVersion = 17.5.002.0
MinimumVisualStudioVersion = 10.0.40219.1
Project("{2150E333-8FDC-42A3-9474-1A3956D46DE8}") = "_Solution Items", "_Solution Items", "{58E5DCD0-ECDD-4A0A-93EB-68DCD02AAA71}"
	ProjectSection(SolutionItems) = preProject
		.editorconfig = .editorconfig
		build\build.ps1 = build\build.ps1
		deploy\compose.yml = deploy\compose.yml
		Directory.Build.props = Directory.Build.props
		Directory.Packages.props = Directory.Packages.props
		deploy\k8s.deploy.yml = deploy\k8s.deploy.yml
	EndProjectSection
EndProject
Project("{9A19103F-16F7-4668-BE54-9A1E7A4F7556}") = "Assistants", "Assistants\Assistants.csproj", "{851CF888-1F1A-4D54-BD43-B7DF29993667}"
EndProject
Project("{9A19103F-16F7-4668-BE54-9A1E7A4F7556}") = "ApiClient", "ApiClient\ApiClient.csproj", "{7233C7E8-697A-4A44-9E31-3F698D073264}"
EndProject
Project("{9A19103F-16F7-4668-BE54-9A1E7A4F7556}") = "Common", "Common\Common.csproj", "{1686A7C4-78A5-45E3-BC09-C4AF87FA735F}"
EndProject
Project("{9A19103F-16F7-4668-BE54-9A1E7A4F7556}") = "Models", "Models\Models.csproj", "{DAFF7D92-4863-40C5-BD72-1422BE410B59}"
EndProject
Project("{FAE04EC0-301F-11D3-BF4B-00C04F79EFBC}") = "AgentsMcpServer", "AgentsMcpServer\AgentsMcpServer.csproj", "{AA5B09BD-3CAF-2BB6-C2F4-08FC32C1F285}"
EndProject
Project("{2150E333-8FDC-42A3-9474-1A3956D46DE8}") = "Agents", "Agents", "{BE302151-B822-45E4-880B-85F9DDD8ED17}"
EndProject
Project("{2150E333-8FDC-42A3-9474-1A3956D46DE8}") = "yaap-sdk", "yaap-sdk", "{1A2D0781-5FA4-4D38-9D90-461EC197467C}"
EndProject
Project("{FAE04EC0-301F-11D3-BF4B-00C04F79EFBC}") = "Yaap.Server.SemanticKernel", "..\..\..\src\SemanticKernel\Server\Yaap.Server.SemanticKernel.csproj", "{E49FC1F0-D7D1-6593-76CC-4D69E26B5A6E}"
EndProject
Project("{FAE04EC0-301F-11D3-BF4B-00C04F79EFBC}") = "Agent.Core", "Agents\Agent.Core\Agent.Core.csproj", "{89412E37-55E5-F8AD-722E-DEC680A4A2F3}"
EndProject
Project("{FAE04EC0-301F-11D3-BF4B-00C04F79EFBC}") = "Orchestrator", "Agents\Orchestrator\Orchestrator.csproj", "{2966E6D6-3945-D42F-4FF7-576D97CCEEB7}"
EndProject
Project("{FAE04EC0-301F-11D3-BF4B-00C04F79EFBC}") = "TeamsExpert", "Agents\TeamsExpert\TeamsExpert.csproj", "{9C8EB632-8FDC-E88E-9E4A-8114595BB133}"
EndProject
Project("{FAE04EC0-301F-11D3-BF4B-00C04F79EFBC}") = "Yaap.Client.Abstractions", "..\..\..\src\Client\Yaap.Client.Abstractions.csproj", "{6F945340-5111-C915-F22A-F7DD72CCEF91}"
EndProject
Project("{FAE04EC0-301F-11D3-BF4B-00C04F79EFBC}") = "Yaap.Core", "..\..\..\src\Core\Yaap.Core.csproj", "{07255C50-6E46-CB8D-B208-503D925B526E}"
EndProject
Project("{FAE04EC0-301F-11D3-BF4B-00C04F79EFBC}") = "Yaap.Server.Abstractions", "..\..\..\src\Server\Yaap.Server.Abstractions.csproj", "{CA54F408-E414-FC36-D417-8C9A226AE423}"
EndProject
Project("{FAE04EC0-301F-11D3-BF4B-00C04F79EFBC}") = "ConsoleApp", "ConsoleApp\ConsoleApp.csproj", "{B8A3FBFD-A877-AB3A-3856-A3E51268C209}"
EndProject
Global
	GlobalSection(SolutionConfigurationPlatforms) = preSolution
		Debug|Any CPU = Debug|Any CPU
		Release|Any CPU = Release|Any CPU
	EndGlobalSection
	GlobalSection(ProjectConfigurationPlatforms) = postSolution
		{851CF888-1F1A-4D54-BD43-B7DF29993667}.Debug|Any CPU.ActiveCfg = Debug|Any CPU
		{851CF888-1F1A-4D54-BD43-B7DF29993667}.Debug|Any CPU.Build.0 = Debug|Any CPU
		{851CF888-1F1A-4D54-BD43-B7DF29993667}.Release|Any CPU.ActiveCfg = Release|Any CPU
		{851CF888-1F1A-4D54-BD43-B7DF29993667}.Release|Any CPU.Build.0 = Release|Any CPU
		{7233C7E8-697A-4A44-9E31-3F698D073264}.Debug|Any CPU.ActiveCfg = Debug|Any CPU
		{7233C7E8-697A-4A44-9E31-3F698D073264}.Debug|Any CPU.Build.0 = Debug|Any CPU
		{7233C7E8-697A-4A44-9E31-3F698D073264}.Release|Any CPU.ActiveCfg = Release|Any CPU
		{7233C7E8-697A-4A44-9E31-3F698D073264}.Release|Any CPU.Build.0 = Release|Any CPU
		{1686A7C4-78A5-45E3-BC09-C4AF87FA735F}.Debug|Any CPU.ActiveCfg = Debug|Any CPU
		{1686A7C4-78A5-45E3-BC09-C4AF87FA735F}.Debug|Any CPU.Build.0 = Debug|Any CPU
		{1686A7C4-78A5-45E3-BC09-C4AF87FA735F}.Release|Any CPU.ActiveCfg = Release|Any CPU
		{1686A7C4-78A5-45E3-BC09-C4AF87FA735F}.Release|Any CPU.Build.0 = Release|Any CPU
		{DAFF7D92-4863-40C5-BD72-1422BE410B59}.Debug|Any CPU.ActiveCfg = Debug|Any CPU
		{DAFF7D92-4863-40C5-BD72-1422BE410B59}.Debug|Any CPU.Build.0 = Debug|Any CPU
		{DAFF7D92-4863-40C5-BD72-1422BE410B59}.Release|Any CPU.ActiveCfg = Release|Any CPU
		{DAFF7D92-4863-40C5-BD72-1422BE410B59}.Release|Any CPU.Build.0 = Release|Any CPU
		{AA5B09BD-3CAF-2BB6-C2F4-08FC32C1F285}.Debug|Any CPU.ActiveCfg = Debug|Any CPU
		{AA5B09BD-3CAF-2BB6-C2F4-08FC32C1F285}.Debug|Any CPU.Build.0 = Debug|Any CPU
		{AA5B09BD-3CAF-2BB6-C2F4-08FC32C1F285}.Release|Any CPU.ActiveCfg = Release|Any CPU
		{AA5B09BD-3CAF-2BB6-C2F4-08FC32C1F285}.Release|Any CPU.Build.0 = Release|Any CPU
		{E49FC1F0-D7D1-6593-76CC-4D69E26B5A6E}.Debug|Any CPU.ActiveCfg = Debug|Any CPU
		{E49FC1F0-D7D1-6593-76CC-4D69E26B5A6E}.Debug|Any CPU.Build.0 = Debug|Any CPU
		{E49FC1F0-D7D1-6593-76CC-4D69E26B5A6E}.Release|Any CPU.ActiveCfg = Release|Any CPU
		{E49FC1F0-D7D1-6593-76CC-4D69E26B5A6E}.Release|Any CPU.Build.0 = Release|Any CPU
		{89412E37-55E5-F8AD-722E-DEC680A4A2F3}.Debug|Any CPU.ActiveCfg = Debug|Any CPU
		{89412E37-55E5-F8AD-722E-DEC680A4A2F3}.Debug|Any CPU.Build.0 = Debug|Any CPU
		{89412E37-55E5-F8AD-722E-DEC680A4A2F3}.Release|Any CPU.ActiveCfg = Release|Any CPU
		{89412E37-55E5-F8AD-722E-DEC680A4A2F3}.Release|Any CPU.Build.0 = Release|Any CPU
		{2966E6D6-3945-D42F-4FF7-576D97CCEEB7}.Debug|Any CPU.ActiveCfg = Debug|Any CPU
		{2966E6D6-3945-D42F-4FF7-576D97CCEEB7}.Debug|Any CPU.Build.0 = Debug|Any CPU
		{2966E6D6-3945-D42F-4FF7-576D97CCEEB7}.Release|Any CPU.ActiveCfg = Release|Any CPU
		{2966E6D6-3945-D42F-4FF7-576D97CCEEB7}.Release|Any CPU.Build.0 = Release|Any CPU
		{9C8EB632-8FDC-E88E-9E4A-8114595BB133}.Debug|Any CPU.ActiveCfg = Debug|Any CPU
		{9C8EB632-8FDC-E88E-9E4A-8114595BB133}.Debug|Any CPU.Build.0 = Debug|Any CPU
		{9C8EB632-8FDC-E88E-9E4A-8114595BB133}.Release|Any CPU.ActiveCfg = Release|Any CPU
		{9C8EB632-8FDC-E88E-9E4A-8114595BB133}.Release|Any CPU.Build.0 = Release|Any CPU
		{6F945340-5111-C915-F22A-F7DD72CCEF91}.Debug|Any CPU.ActiveCfg = Debug|Any CPU
		{6F945340-5111-C915-F22A-F7DD72CCEF91}.Debug|Any CPU.Build.0 = Debug|Any CPU
		{6F945340-5111-C915-F22A-F7DD72CCEF91}.Release|Any CPU.ActiveCfg = Release|Any CPU
		{6F945340-5111-C915-F22A-F7DD72CCEF91}.Release|Any CPU.Build.0 = Release|Any CPU
		{07255C50-6E46-CB8D-B208-503D925B526E}.Debug|Any CPU.ActiveCfg = Debug|Any CPU
		{07255C50-6E46-CB8D-B208-503D925B526E}.Debug|Any CPU.Build.0 = Debug|Any CPU
		{07255C50-6E46-CB8D-B208-503D925B526E}.Release|Any CPU.ActiveCfg = Release|Any CPU
		{07255C50-6E46-CB8D-B208-503D925B526E}.Release|Any CPU.Build.0 = Release|Any CPU
		{CA54F408-E414-FC36-D417-8C9A226AE423}.Debug|Any CPU.ActiveCfg = Debug|Any CPU
		{CA54F408-E414-FC36-D417-8C9A226AE423}.Debug|Any CPU.Build.0 = Debug|Any CPU
		{CA54F408-E414-FC36-D417-8C9A226AE423}.Release|Any CPU.ActiveCfg = Release|Any CPU
		{CA54F408-E414-FC36-D417-8C9A226AE423}.Release|Any CPU.Build.0 = Release|Any CPU
		{B8A3FBFD-A877-AB3A-3856-A3E51268C209}.Debug|Any CPU.ActiveCfg = Debug|Any CPU
		{B8A3FBFD-A877-AB3A-3856-A3E51268C209}.Debug|Any CPU.Build.0 = Debug|Any CPU
		{B8A3FBFD-A877-AB3A-3856-A3E51268C209}.Release|Any CPU.ActiveCfg = Release|Any CPU
		{B8A3FBFD-A877-AB3A-3856-A3E51268C209}.Release|Any CPU.Build.0 = Release|Any CPU
	EndGlobalSection
	GlobalSection(SolutionProperties) = preSolution
		HideSolutionNode = FALSE
	EndGlobalSection
	GlobalSection(NestedProjects) = preSolution
		{E49FC1F0-D7D1-6593-76CC-4D69E26B5A6E} = {1A2D0781-5FA4-4D38-9D90-461EC197467C}
		{89412E37-55E5-F8AD-722E-DEC680A4A2F3} = {BE302151-B822-45E4-880B-85F9DDD8ED17}
		{9C8EB632-8FDC-E88E-9E4A-8114595BB133} = {BE302151-B822-45E4-880B-85F9DDD8ED17}
		{6F945340-5111-C915-F22A-F7DD72CCEF91} = {1A2D0781-5FA4-4D38-9D90-461EC197467C}
		{07255C50-6E46-CB8D-B208-503D925B526E} = {1A2D0781-5FA4-4D38-9D90-461EC197467C}
		{CA54F408-E414-FC36-D417-8C9A226AE423} = {1A2D0781-5FA4-4D38-9D90-461EC197467C}
	EndGlobalSection
	GlobalSection(ExtensibilityGlobals) = postSolution
		SolutionGuid = {58C5D189-3D5E-4C31-8B2C-ADF8E7B45A31}
	EndGlobalSection
EndGlobal
