
Microsoft Visual Studio Solution File, Format Version 12.00
# Visual Studio Version 17
VisualStudioVersion = 17.5.002.0
MinimumVisualStudioVersion = 10.0.40219.1
Project("{2150E333-8FDC-42A3-9474-1A3956D46DE8}") = "_Solution Items", "_Solution Items", "{58E5DCD0-ECDD-4A0A-93EB-68DCD02AAA71}"
	ProjectSection(SolutionItems) = preProject
		.editorconfig = .editorconfig
		build\build.ps1 = build\build.ps1
		deploy\compose.yml = deploy\compose.yml
		demo.ps1 = demo.ps1
		Directory.Build.props = Directory.Build.props
		Directory.Packages.props = Directory.Packages.props
		deploy\k8s.deploy.yml = deploy\k8s.deploy.yml
		launch.ps1 = launch.ps1
	EndProjectSection
EndProject
Project("{2150E333-8FDC-42A3-9474-1A3956D46DE8}") = "Agents", "Agents", "{A1B90F1A-BB18-4826-A460-257820CCDC70}"
EndProject
Project("{9A19103F-16F7-4668-BE54-9A1E7A4F7556}") = "Assistants", "Assistants\Assistants.csproj", "{851CF888-1F1A-4D54-BD43-B7DF29993667}"
EndProject
Project("{9A19103F-16F7-4668-BE54-9A1E7A4F7556}") = "ApiClient", "ApiClient\ApiClient.csproj", "{7233C7E8-697A-4A44-9E31-3F698D073264}"
EndProject
Project("{9A19103F-16F7-4668-BE54-9A1E7A4F7556}") = "Common", "Common\Common.csproj", "{1686A7C4-78A5-45E3-BC09-C4AF87FA735F}"
EndProject
Project("{9A19103F-16F7-4668-BE54-9A1E7A4F7556}") = "Models", "Models\Models.csproj", "{DAFF7D92-4863-40C5-BD72-1422BE410B59}"
EndProject
Project("{FAE04EC0-301F-11D3-BF4B-00C04F79EFBC}") = "Orchestrator_gRPC", "Agents\gRPC\Orchestrator_gRPC\Orchestrator_gRPC.csproj", "{6CA441C1-76CC-495D-A1E6-2C0B68BB66C2}"
EndProject
Project("{FAE04EC0-301F-11D3-BF4B-00C04F79EFBC}") = "gRPCAgent.Core", "Agents\gRPC\gRPCAgent.Core\gRPCAgent.Core.csproj", "{B1B378B3-5DE2-4A62-BD99-482CFCC0D80A}"
EndProject
Project("{2150E333-8FDC-42A3-9474-1A3956D46DE8}") = "gRPC", "gRPC", "{02EA681E-C7D8-13C7-8484-4AC65E1B71E8}"
EndProject
Project("{FAE04EC0-301F-11D3-BF4B-00C04F79EFBC}") = "Teams_gRPC", "Agents\gRPC\Teams_gRPC\Teams_gRPC.csproj", "{8F490EF0-C1FF-4A70-BFC3-4CE28265C1DF}"
EndProject
Project("{FAE04EC0-301F-11D3-BF4B-00C04F79EFBC}") = "ConsoleApp", "TBAStatReader_gRPC\ConsoleApp.csproj", "{84E7077F-F2F1-4857-9382-DF38CE25303D}"
EndProject
Global
	GlobalSection(SolutionConfigurationPlatforms) = preSolution
		Debug|Any CPU = Debug|Any CPU
		Release|Any CPU = Release|Any CPU
	EndGlobalSection
	GlobalSection(ProjectConfigurationPlatforms) = postSolution
		{851CF888-1F1A-4D54-BD43-B7DF29993667}.Debug|Any CPU.ActiveCfg = Debug|Any CPU
		{851CF888-1F1A-4D54-BD43-B7DF29993667}.Debug|Any CPU.Build.0 = Debug|Any CPU
		{851CF888-1F1A-4D54-BD43-B7DF29993667}.Release|Any CPU.ActiveCfg = Release|Any CPU
		{851CF888-1F1A-4D54-BD43-B7DF29993667}.Release|Any CPU.Build.0 = Release|Any CPU
		{7233C7E8-697A-4A44-9E31-3F698D073264}.Debug|Any CPU.ActiveCfg = Debug|Any CPU
		{7233C7E8-697A-4A44-9E31-3F698D073264}.Debug|Any CPU.Build.0 = Debug|Any CPU
		{7233C7E8-697A-4A44-9E31-3F698D073264}.Release|Any CPU.ActiveCfg = Release|Any CPU
		{7233C7E8-697A-4A44-9E31-3F698D073264}.Release|Any CPU.Build.0 = Release|Any CPU
		{1686A7C4-78A5-45E3-BC09-C4AF87FA735F}.Debug|Any CPU.ActiveCfg = Debug|Any CPU
		{1686A7C4-78A5-45E3-BC09-C4AF87FA735F}.Debug|Any CPU.Build.0 = Debug|Any CPU
		{1686A7C4-78A5-45E3-BC09-C4AF87FA735F}.Release|Any CPU.ActiveCfg = Release|Any CPU
		{1686A7C4-78A5-45E3-BC09-C4AF87FA735F}.Release|Any CPU.Build.0 = Release|Any CPU
		{DAFF7D92-4863-40C5-BD72-1422BE410B59}.Debug|Any CPU.ActiveCfg = Debug|Any CPU
		{DAFF7D92-4863-40C5-BD72-1422BE410B59}.Debug|Any CPU.Build.0 = Debug|Any CPU
		{DAFF7D92-4863-40C5-BD72-1422BE410B59}.Release|Any CPU.ActiveCfg = Release|Any CPU
		{DAFF7D92-4863-40C5-BD72-1422BE410B59}.Release|Any CPU.Build.0 = Release|Any CPU
		{6CA441C1-76CC-495D-A1E6-2C0B68BB66C2}.Debug|Any CPU.ActiveCfg = Debug|Any CPU
		{6CA441C1-76CC-495D-A1E6-2C0B68BB66C2}.Debug|Any CPU.Build.0 = Debug|Any CPU
		{6CA441C1-76CC-495D-A1E6-2C0B68BB66C2}.Release|Any CPU.ActiveCfg = Release|Any CPU
		{6CA441C1-76CC-495D-A1E6-2C0B68BB66C2}.Release|Any CPU.Build.0 = Release|Any CPU
		{B1B378B3-5DE2-4A62-BD99-482CFCC0D80A}.Debug|Any CPU.ActiveCfg = Debug|Any CPU
		{B1B378B3-5DE2-4A62-BD99-482CFCC0D80A}.Debug|Any CPU.Build.0 = Debug|Any CPU
		{B1B378B3-5DE2-4A62-BD99-482CFCC0D80A}.Release|Any CPU.ActiveCfg = Release|Any CPU
		{B1B378B3-5DE2-4A62-BD99-482CFCC0D80A}.Release|Any CPU.Build.0 = Release|Any CPU
		{8F490EF0-C1FF-4A70-BFC3-4CE28265C1DF}.Debug|Any CPU.ActiveCfg = Debug|Any CPU
		{8F490EF0-C1FF-4A70-BFC3-4CE28265C1DF}.Debug|Any CPU.Build.0 = Debug|Any CPU
		{8F490EF0-C1FF-4A70-BFC3-4CE28265C1DF}.Release|Any CPU.ActiveCfg = Release|Any CPU
		{8F490EF0-C1FF-4A70-BFC3-4CE28265C1DF}.Release|Any CPU.Build.0 = Release|Any CPU
		{84E7077F-F2F1-4857-9382-DF38CE25303D}.Debug|Any CPU.ActiveCfg = Debug|Any CPU
		{84E7077F-F2F1-4857-9382-DF38CE25303D}.Debug|Any CPU.Build.0 = Debug|Any CPU
		{84E7077F-F2F1-4857-9382-DF38CE25303D}.Release|Any CPU.ActiveCfg = Release|Any CPU
		{84E7077F-F2F1-4857-9382-DF38CE25303D}.Release|Any CPU.Build.0 = Release|Any CPU
	EndGlobalSection
	GlobalSection(SolutionProperties) = preSolution
		HideSolutionNode = FALSE
	EndGlobalSection
	GlobalSection(NestedProjects) = preSolution
		{B1B378B3-5DE2-4A62-BD99-482CFCC0D80A} = {02EA681E-C7D8-13C7-8484-4AC65E1B71E8}
		{02EA681E-C7D8-13C7-8484-4AC65E1B71E8} = {A1B90F1A-BB18-4826-A460-257820CCDC70}
		{8F490EF0-C1FF-4A70-BFC3-4CE28265C1DF} = {02EA681E-C7D8-13C7-8484-4AC65E1B71E8}
	EndGlobalSection
	GlobalSection(ExtensibilityGlobals) = postSolution
		SolutionGuid = {58C5D189-3D5E-4C31-8B2C-ADF8E7B45A31}
	EndGlobalSection
EndGlobal
